NeoBundleLock emmet-vim 1c46c5fb775606621906f0bedc8da8bc636c1dac
NeoBundleLock neobundle.vim 484c7730cace41d46616e840ba6247886a87c9aa
NeoBundleLock neocomplete-php.vim 68c3b3a6439c6c5cc0640260dde52eef197dd2f3
NeoBundleLock neocomplete.vim 5aecd20ba03203955b75057fbd6a40ae1899b692
NeoBundleLock neosnippet 044c9cb8ca46a5e27eec37198990c26fe707b02a
NeoBundleLock neosnippet-snippets d66cc78d8099e92aacf9d27d7b769abf7e9d6f7a
NeoBundleLock nerdtree 3b98a7fcae8f9fff356907171f0406ff8cd28921
NeoBundleLock open-browser.vim 268a0acd0a85b61d75f0761416dbb542feac8960
NeoBundleLock previm 268a0acd0a85b61d75f0761416dbb542feac8960
NeoBundleLock syntastic 710a854f6a6832004b225c25d5c076bb537fd589
NeoBundleLock taglist.vim 53041fbc45398a9af631a20657e109707a455339
NeoBundleLock vim-markdown 268a0acd0a85b61d75f0761416dbb542feac8960
