NeoBundleLock neobundle.vim 484c7730cace41d46616e840ba6247886a87c9aa
NeoBundleLock neocomplete-php.vim 68c3b3a6439c6c5cc0640260dde52eef197dd2f3
NeoBundleLock neocomplete.vim 5aecd20ba03203955b75057fbd6a40ae1899b692
NeoBundleLock open-browser.vim c303b2b4bb8ebf8f5b98b4aaf4ab89a57ebb7960
NeoBundleLock previm c303b2b4bb8ebf8f5b98b4aaf4ab89a57ebb7960
NeoBundleLock vim-markdown c303b2b4bb8ebf8f5b98b4aaf4ab89a57ebb7960
